// !$*UTF8*$!
{
	archiveVersion = 1;
	classes = {
	};
	objectVersion = 55;
	objects = {

/* Begin PBXBuildFile section */
		768E114A27C3C098006F70A7 /* animationAppApp.swift in Sources */ = {isa = PBXBuildFile; fileRef = 768E114927C3C098006F70A7 /* animationAppApp.swift */; };
		768E114E27C3C099006F70A7 /* Assets.xcassets in Resources */ = {isa = PBXBuildFile; fileRef = 768E114D27C3C099006F70A7 /* Assets.xcassets */; };
		768E115127C3C099006F70A7 /* Preview Assets.xcassets in Resources */ = {isa = PBXBuildFile; fileRef = 768E115027C3C099006F70A7 /* Preview Assets.xcassets */; };
		768E115327C3C099006F70A7 /* Persistence.swift in Sources */ = {isa = PBXBuildFile; fileRef = 768E115227C3C099006F70A7 /* Persistence.swift */; };
		768E115627C3C099006F70A7 /* animationApp.xcdatamodeld in Sources */ = {isa = PBXBuildFile; fileRef = 768E115427C3C099006F70A7 /* animationApp.xcdatamodeld */; };
		768E115F27C3C12B006F70A7 /* HomeScreen.swift in Sources */ = {isa = PBXBuildFile; fileRef = 768E115E27C3C12B006F70A7 /* HomeScreen.swift */; };
		768E116227C3C1C3006F70A7 /* Lottie in Frameworks */ = {isa = PBXBuildFile; productRef = 768E116127C3C1C3006F70A7 /* Lottie */; };
		768E116627C3C3C7006F70A7 /* guy.json in Resources */ = {isa = PBXBuildFile; fileRef = 768E116527C3C3C7006F70A7 /* guy.json */; };
		768E116827C3C4C8006F70A7 /* LottieViewClass.swift in Sources */ = {isa = PBXBuildFile; fileRef = 768E116727C3C4C8006F70A7 /* LottieViewClass.swift */; };
		768E118C27C3DB19006F70A7 /* facebook.json in Resources */ = {isa = PBXBuildFile; fileRef = 768E118B27C3DB19006F70A7 /* facebook.json */; };
/* End PBXBuildFile section */

/* Begin PBXFileReference section */
		768E114627C3C098006F70A7 /* animationApp.app */ = {isa = PBXFileReference; explicitFileType = wrapper.application; includeInIndex = 0; path = animationApp.app; sourceTree = BUILT_PRODUCTS_DIR; };
		768E114927C3C098006F70A7 /* animationAppApp.swift */ = {isa = PBXFileReference; lastKnownFileType = sourcecode.swift; path = animationAppApp.swift; sourceTree = "<group>"; };
		768E114D27C3C099006F70A7 /* Assets.xcassets */ = {isa = PBXFileReference; lastKnownFileType = folder.assetcatalog; path = Assets.xcassets; sourceTree = "<group>"; };
		768E115027C3C099006F70A7 /* Preview Assets.xcassets */ = {isa = PBXFileReference; lastKnownFileType = folder.assetcatalog; path = "Preview Assets.xcassets"; sourceTree = "<group>"; };
		768E115227C3C099006F70A7 /* Persistence.swift */ = {isa = PBXFileReference; lastKnownFileType = sourcecode.swift; path = Persistence.swift; sourceTree = "<group>"; };
		768E115527C3C099006F70A7 /* animationApp.xcdatamodel */ = {isa = PBXFileReference; lastKnownFileType = wrapper.xcdatamodel; path = animationApp.xcdatamodel; sourceTree = "<group>"; };
		768E115E27C3C12B006F70A7 /* HomeScreen.swift */ = {isa = PBXFileReference; lastKnownFileType = sourcecode.swift; path = HomeScreen.swift; sourceTree = "<group>"; };
		768E116527C3C3C7006F70A7 /* guy.json */ = {isa = PBXFileReference; fileEncoding = 4; lastKnownFileType = text.json; path = guy.json; sourceTree = "<group>"; };
		768E116727C3C4C8006F70A7 /* LottieViewClass.swift */ = {isa = PBXFileReference; lastKnownFileType = sourcecode.swift; path = LottieViewClass.swift; sourceTree = "<group>"; };
		768E118B27C3DB19006F70A7 /* facebook.json */ = {isa = PBXFileReference; fileEncoding = 4; lastKnownFileType = text.json; path = facebook.json; sourceTree = "<group>"; };
/* End PBXFileReference section */

/* Begin PBXFrameworksBuildPhase section */
		768E114327C3C098006F70A7 /* Frameworks */ = {
			isa = PBXFrameworksBuildPhase;
			buildActionMask = 2147483647;
			files = (
				768E116227C3C1C3006F70A7 /* Lottie in Frameworks */,
			);
			runOnlyForDeploymentPostprocessing = 0;
		};
/* End PBXFrameworksBuildPhase section */

/* Begin PBXGroup section */
		768E113D27C3C098006F70A7 = {
			isa = PBXGroup;
			children = (
				768E114827C3C098006F70A7 /* animationApp */,
				768E114727C3C098006F70A7 /* Products */,
			);
			sourceTree = "<group>";
		};
		768E114727C3C098006F70A7 /* Products */ = {
			isa = PBXGroup;
			children = (
				768E114627C3C098006F70A7 /* animationApp.app */,
			);
			name = Products;
			sourceTree = "<group>";
		};
		768E114827C3C098006F70A7 /* animationApp */ = {
			isa = PBXGroup;
			children = (
				768E116427C3C38F006F70A7 /* jsonfiles */,
				768E116327C3C1E2006F70A7 /* apputils */,
				768E114927C3C098006F70A7 /* animationAppApp.swift */,
				768E115E27C3C12B006F70A7 /* HomeScreen.swift */,
				768E115427C3C099006F70A7 /* animationApp.xcdatamodeld */,
				768E114F27C3C099006F70A7 /* Preview Content */,
			);
			path = animationApp;
			sourceTree = "<group>";
		};
		768E114F27C3C099006F70A7 /* Preview Content */ = {
			isa = PBXGroup;
			children = (
				768E115027C3C099006F70A7 /* Preview Assets.xcassets */,
			);
			path = "Preview Content";
			sourceTree = "<group>";
		};
		768E116327C3C1E2006F70A7 /* apputils */ = {
			isa = PBXGroup;
			children = (
				768E115227C3C099006F70A7 /* Persistence.swift */,
				768E114D27C3C099006F70A7 /* Assets.xcassets */,
			);
			path = apputils;
			sourceTree = "<group>";
		};
		768E116427C3C38F006F70A7 /* jsonfiles */ = {
			isa = PBXGroup;
			children = (
				768E118B27C3DB19006F70A7 /* facebook.json */,
				768E116727C3C4C8006F70A7 /* LottieViewClass.swift */,
				768E116527C3C3C7006F70A7 /* guy.json */,
			);
			path = jsonfiles;
			sourceTree = "<group>";
		};
/* End PBXGroup section */

/* Begin PBXNativeTarget section */
		768E114527C3C098006F70A7 /* animationApp */ = {
			isa = PBXNativeTarget;
			buildConfigurationList = 768E115927C3C099006F70A7 /* Build configuration list for PBXNativeTarget "animationApp" */;
			buildPhases = (
				768E114227C3C098006F70A7 /* Sources */,
				768E114327C3C098006F70A7 /* Frameworks */,
				768E114427C3C098006F70A7 /* Resources */,
			);
			buildRules = (
			);
			dependencies = (
			);
			name = animationApp;
			packageProductDependencies = (
				768E116127C3C1C3006F70A7 /* Lottie */,
			);
			productName = animationApp;
			productReference = 768E114627C3C098006F70A7 /* animationApp.app */;
			productType = "com.apple.product-type.application";
		};
/* End PBXNativeTarget section */

/* Begin PBXProject section */
		768E113E27C3C098006F70A7 /* Project object */ = {
			isa = PBXProject;
			attributes = {
				BuildIndependentTargetsInParallel = 1;
				LastSwiftUpdateCheck = 1320;
				LastUpgradeCheck = 1320;
				TargetAttributes = {
					768E114527C3C098006F70A7 = {
						CreatedOnToolsVersion = 13.2.1;
					};
				};
			};
			buildConfigurationList = 768E114127C3C098006F70A7 /* Build configuration list for PBXProject "animationApp" */;
			compatibilityVersion = "Xcode 13.0";
			developmentRegion = en;
			hasScannedForEncodings = 0;
			knownRegions = (
				en,
				Base,
			);
			mainGroup = 768E113D27C3C098006F70A7;
			packageReferences = (
				768E116027C3C1C3006F70A7 /* XCRemoteSwiftPackageReference "lottie-ios" */,
			);
			productRefGroup = 768E114727C3C098006F70A7 /* Products */;
			projectDirPath = "";
			projectRoot = "";
			targets = (
				768E114527C3C098006F70A7 /* animationApp */,
			);
		};
/* End PBXProject section */

/* Begin PBXResourcesBuildPhase section */
		768E114427C3C098006F70A7 /* Resources */ = {
			isa = PBXResourcesBuildPhase;
			buildActionMask = 2147483647;
			files = (
				768E115127C3C099006F70A7 /* Preview Assets.xcassets in Resources */,
				768E114E27C3C099006F70A7 /* Assets.xcassets in Resources */,
				768E116627C3C3C7006F70A7 /* guy.json in Resources */,
				768E118C27C3DB19006F70A7 /* facebook.json in Resources */,
			);
			runOnlyForDeploymentPostprocessing = 0;
		};
/* End PBXResourcesBuildPhase section */

/* Begin PBXSourcesBuildPhase section */
		768E114227C3C098006F70A7 /* Sources */ = {
			isa = PBXSourcesBuildPhase;
			buildActionMask = 2147483647;
			files = (
				768E115F27C3C12B006F70A7 /* HomeScreen.swift in Sources */,
				768E116827C3C4C8006F70A7 /* LottieViewClass.swift in Sources */,
				768E115327C3C099006F70A7 /* Persistence.swift in Sources */,
				768E115627C3C099006F70A7 /* animationApp.xcdatamodeld in Sources */,
				768E114A27C3C098006F70A7 /* animationAppApp.swift in Sources */,
			);
			runOnlyForDeploymentPostprocessing = 0;
		};
/* End PBXSourcesBuildPhase section */

/* Begin XCBuildConfiguration section */
		768E115727C3C099006F70A7 /* Debug */ = {
			isa = XCBuildConfiguration;
			buildSettings = {
				ALWAYS_SEARCH_USER_PATHS = NO;
				CLANG_ANALYZER_NONNULL = YES;
				CLANG_ANALYZER_NUMBER_OBJECT_CONVERSION = YES_AGGRESSIVE;
				CLANG_CXX_LANGUAGE_STANDARD = "gnu++17";
				CLANG_CXX_LIBRARY = "libc++";
				CLANG_ENABLE_MODULES = YES;
				CLANG_ENABLE_OBJC_ARC = YES;
				CLANG_ENABLE_OBJC_WEAK = YES;
				CLANG_WARN_BLOCK_CAPTURE_AUTORELEASING = YES;
				CLANG_WARN_BOOL_CONVERSION = YES;
				CLANG_WARN_COMMA = YES;
				CLANG_WARN_CONSTANT_CONVERSION = YES;
				CLANG_WARN_DEPRECATED_OBJC_IMPLEMENTATIONS = YES;
				CLANG_WARN_DIRECT_OBJC_ISA_USAGE = YES_ERROR;
				CLANG_WARN_DOCUMENTATION_COMMENTS = YES;
				CLANG_WARN_EMPTY_BODY = YES;
				CLANG_WARN_ENUM_CONVERSION = YES;
				CLANG_WARN_INFINITE_RECURSION = YES;
				CLANG_WARN_INT_CONVERSION = YES;
				CLANG_WARN_NON_LITERAL_NULL_CONVERSION = YES;
				CLANG_WARN_OBJC_IMPLICIT_RETAIN_SELF = YES;
				CLANG_WARN_OBJC_LITERAL_CONVERSION = YES;
				CLANG_WARN_OBJC_ROOT_CLASS = YES_ERROR;
				CLANG_WARN_QUOTED_INCLUDE_IN_FRAMEWORK_HEADER = YES;
				CLANG_WARN_RANGE_LOOP_ANALYSIS = YES;
				CLANG_WARN_STRICT_PROTOTYPES = YES;
				CLANG_WARN_SUSPICIOUS_MOVE = YES;
				CLANG_WARN_UNGUARDED_AVAILABILITY = YES_AGGRESSIVE;
				CLANG_WARN_UNREACHABLE_CODE = YES;
				CLANG_WARN__DUPLICATE_METHOD_MATCH = YES;
				COPY_PHASE_STRIP = NO;
				DEBUG_INFORMATION_FORMAT = dwarf;
				ENABLE_STRICT_OBJC_MSGSEND = YES;
				ENABLE_TESTABILITY = YES;
				GCC_C_LANGUAGE_STANDARD = gnu11;
				GCC_DYNAMIC_NO_PIC = NO;
				GCC_NO_COMMON_BLOCKS = YES;
				GCC_OPTIMIZATION_LEVEL = 0;
				GCC_PREPROCESSOR_DEFINITIONS = (
					"DEBUG=1",
					"$(inherited)",
				);
				GCC_WARN_64_TO_32_BIT_CONVERSION = YES;
				GCC_WARN_ABOUT_RETURN_TYPE = YES_ERROR;
				GCC_WARN_UNDECLARED_SELECTOR = YES;
				GCC_WARN_UNINITIALIZED_AUTOS = YES_AGGRESSIVE;
				GCC_WARN_UNUSED_FUNCTION = YES;
				GCC_WARN_UNUSED_VARIABLE = YES;
				IPHONEOS_DEPLOYMENT_TARGET = 15.2;
				MTL_ENABLE_DEBUG_INFO = INCLUDE_SOURCE;
				MTL_FAST_MATH = YES;
				ONLY_ACTIVE_ARCH = YES;
				SDKROOT = iphoneos;
				SWIFT_ACTIVE_COMPILATION_CONDITIONS = DEBUG;
				SWIFT_OPTIMIZATION_LEVEL = "-Onone";
			};
			name = Debug;
		};
		768E115827C3C099006F70A7 /* Release */ = {
			isa = XCBuildConfiguration;
			buildSettings = {
				ALWAYS_SEARCH_USER_PATHS = NO;
				CLANG_ANALYZER_NONNULL = YES;
				CLANG_ANALYZER_NUMBER_OBJECT_CONVERSION = YES_AGGRESSIVE;
				CLANG_CXX_LANGUAGE_STANDARD = "gnu++17";
				CLANG_CXX_LIBRARY = "libc++";
				CLANG_ENABLE_MODULES = YES;
				CLANG_ENABLE_OBJC_ARC = YES;
				CLANG_ENABLE_OBJC_WEAK = YES;
				CLANG_WARN_BLOCK_CAPTURE_AUTORELEASING = YES;
				CLANG_WARN_BOOL_CONVERSION = YES;
				CLANG_WARN_COMMA = YES;
				CLANG_WARN_CONSTANT_CONVERSION = YES;
				CLANG_WARN_DEPRECATED_OBJC_IMPLEMENTATIONS = YES;
				CLANG_WARN_DIRECT_OBJC_ISA_USAGE = YES_ERROR;
				CLANG_WARN_DOCUMENTATION_COMMENTS = YES;
				CLANG_WARN_EMPTY_BODY = YES;
				CLANG_WARN_ENUM_CONVERSION = YES;
				CLANG_WARN_INFINITE_RECURSION = YES;
				CLANG_WARN_INT_CONVERSION = YES;
				CLANG_WARN_NON_LITERAL_NULL_CONVERSION = YES;
				CLANG_WARN_OBJC_IMPLICIT_RETAIN_SELF = YES;
				CLANG_WARN_OBJC_LITERAL_CONVERSION = YES;
				CLANG_WARN_OBJC_ROOT_CLASS = YES_ERROR;
				CLANG_WARN_QUOTED_INCLUDE_IN_FRAMEWORK_HEADER = YES;
				CLANG_WARN_RANGE_LOOP_ANALYSIS = YES;
				CLANG_WARN_STRICT_PROTOTYPES = YES;
				CLANG_WARN_SUSPICIOUS_MOVE = YES;
				CLANG_WARN_UNGUARDED_AVAILABILITY = YES_AGGRESSIVE;
				CLANG_WARN_UNREACHABLE_CODE = YES;
				CLANG_WARN__DUPLICATE_METHOD_MATCH = YES;
				COPY_PHASE_STRIP = NO;
				DEBUG_INFORMATION_FORMAT = "dwarf-with-dsym";
				ENABLE_NS_ASSERTIONS = NO;
				ENABLE_STRICT_OBJC_MSGSEND = YES;
				GCC_C_LANGUAGE_STANDARD = gnu11;
				GCC_NO_COMMON_BLOCKS = YES;
				GCC_WARN_64_TO_32_BIT_CONVERSION = YES;
				GCC_WARN_ABOUT_RETURN_TYPE = YES_ERROR;
				GCC_WARN_UNDECLARED_SELECTOR = YES;
				GCC_WARN_UNINITIALIZED_AUTOS = YES_AGGRESSIVE;
				GCC_WARN_UNUSED_FUNCTION = YES;
				GCC_WARN_UNUSED_VARIABLE = YES;
				IPHONEOS_DEPLOYMENT_TARGET = 15.2;
				MTL_ENABLE_DEBUG_INFO = NO;
				MTL_FAST_MATH = YES;
				SDKROOT = iphoneos;
				SWIFT_COMPILATION_MODE = wholemodule;
				SWIFT_OPTIMIZATION_LEVEL = "-O";
				VALIDATE_PRODUCT = YES;
			};
			name = Release;
		};
		768E115A27C3C099006F70A7 /* Debug */ = {
			isa = XCBuildConfiguration;
			buildSettings = {
				ASSETCATALOG_COMPILER_APPICON_NAME = AppIcon;
				ASSETCATALOG_COMPILER_GLOBAL_ACCENT_COLOR_NAME = AccentColor;
				CODE_SIGN_STYLE = Automatic;
				CURRENT_PROJECT_VERSION = 1;
				DEVELOPMENT_ASSET_PATHS = "\"animationApp/Preview Content\"";
				ENABLE_PREVIEWS = YES;
				GENERATE_INFOPLIST_FILE = YES;
				INFOPLIST_KEY_UIApplicationSceneManifest_Generation = YES;
				INFOPLIST_KEY_UIApplicationSupportsIndirectInputEvents = YES;
				INFOPLIST_KEY_UILaunchScreen_Generation = YES;
				INFOPLIST_KEY_UISupportedInterfaceOrientations_iPad = "UIInterfaceOrientationPortrait UIInterfaceOrientationPortraitUpsideDown UIInterfaceOrientationLandscapeLeft UIInterfaceOrientationLandscapeRight";
				INFOPLIST_KEY_UISupportedInterfaceOrientations_iPhone = "UIInterfaceOrientationPortrait UIInterfaceOrientationLandscapeLeft UIInterfaceOrientationLandscapeRight";
				LD_RUNPATH_SEARCH_PATHS = (
					"$(inherited)",
					"@executable_path/Frameworks",
				);
				MARKETING_VERSION = 1.0;
				PRODUCT_BUNDLE_IDENTIFIER = cpp.animationApp;
				PRODUCT_NAME = "$(TARGET_NAME)";
				SWIFT_EMIT_LOC_STRINGS = YES;
				SWIFT_VERSION = 5.0;
				TARGETED_DEVICE_FAMILY = "1,2";
			};
			name = Debug;
		};
		768E115B27C3C099006F70A7 /* Release */ = {
			isa = XCBuildConfiguration;
			buildSettings = {
				ASSETCATALOG_COMPILER_APPICON_NAME = AppIcon;
				ASSETCATALOG_COMPILER_GLOBAL_ACCENT_COLOR_NAME = AccentColor;
				CODE_SIGN_STYLE = Automatic;
				CURRENT_PROJECT_VERSION = 1;
				DEVELOPMENT_ASSET_PATHS = "\"animationApp/Preview Content\"";
				ENABLE_PREVIEWS = YES;
				GENERATE_INFOPLIST_FILE = YES;
				INFOPLIST_KEY_UIApplicationSceneManifest_Generation = YES;
				INFOPLIST_KEY_UIApplicationSupportsIndirectInputEvents = YES;
				INFOPLIST_KEY_UILaunchScreen_Generation = YES;
				INFOPLIST_KEY_UISupportedInterfaceOrientations_iPad = "UIInterfaceOrientationPortrait UIInterfaceOrientationPortraitUpsideDown UIInterfaceOrientationLandscapeLeft UIInterfaceOrientationLandscapeRight";
				INFOPLIST_KEY_UISupportedInterfaceOrientations_iPhone = "UIInterfaceOrientationPortrait UIInterfaceOrientationLandscapeLeft UIInterfaceOrientationLandscapeRight";
				LD_RUNPATH_SEARCH_PATHS = (
					"$(inherited)",
					"@executable_path/Frameworks",
				);
				MARKETING_VERSION = 1.0;
				PRODUCT_BUNDLE_IDENTIFIER = cpp.animationApp;
				PRODUCT_NAME = "$(TARGET_NAME)";
				SWIFT_EMIT_LOC_STRINGS = YES;
				SWIFT_VERSION = 5.0;
				TARGETED_DEVICE_FAMILY = "1,2";
			};
			name = Release;
		};
/* End XCBuildConfiguration section */

/* Begin XCConfigurationList section */
		768E114127C3C098006F70A7 /* Build configuration list for PBXProject "animationApp" */ = {
			isa = XCConfigurationList;
			buildConfigurations = (
				768E115727C3C099006F70A7 /* Debug */,
				768E115827C3C099006F70A7 /* Release */,
			);
			defaultConfigurationIsVisible = 0;
			defaultConfigurationName = Release;
		};
		768E115927C3C099006F70A7 /* Build configuration list for PBXNativeTarget "animationApp" */ = {
			isa = XCConfigurationList;
			buildConfigurations = (
				768E115A27C3C099006F70A7 /* Debug */,
				768E115B27C3C099006F70A7 /* Release */,
			);
			defaultConfigurationIsVisible = 0;
			defaultConfigurationName = Release;
		};
/* End XCConfigurationList section */

/* Begin XCRemoteSwiftPackageReference section */
		768E116027C3C1C3006F70A7 /* XCRemoteSwiftPackageReference "lottie-ios" */ = {
			isa = XCRemoteSwiftPackageReference;
			repositoryURL = "https://github.com/airbnb/lottie-ios.git";
			requirement = {
				kind = upToNextMajorVersion;
				minimumVersion = 3.0.0;
			};
		};
/* End XCRemoteSwiftPackageReference section */

/* Begin XCSwiftPackageProductDependency section */
		768E116127C3C1C3006F70A7 /* Lottie */ = {
			isa = XCSwiftPackageProductDependency;
			package = 768E116027C3C1C3006F70A7 /* XCRemoteSwiftPackageReference "lottie-ios" */;
			productName = Lottie;
		};
/* End XCSwiftPackageProductDependency section */

/* Begin XCVersionGroup section */
		768E115427C3C099006F70A7 /* animationApp.xcdatamodeld */ = {
			isa = XCVersionGroup;
			children = (
				768E115527C3C099006F70A7 /* animationApp.xcdatamodel */,
			);
			currentVersion = 768E115527C3C099006F70A7 /* animationApp.xcdatamodel */;
			path = animationApp.xcdatamodeld;
			sourceTree = "<group>";
			versionGroupType = wrapper.xcdatamodel;
		};
/* End XCVersionGroup section */
	};
	rootObject = 768E113E27C3C098006F70A7 /* Project object */;
}
